
Microsoft Visual Studio Solution File, Format Version 12.00
# Visual Studio Version 17
VisualStudioVersion = 17.2.32630.192
MinimumVisualStudioVersion = 10.0.40219.1
Project("{FAE04EC0-301F-11D3-BF4B-00C04F79EFBC}") = "BlogMVC", "BlogMVC\BlogMVC.csproj", "{D01A2F65-40BE-43BD-942E-4D488FEF4CDA}"
EndProject
Global
	GlobalSection(SolutionConfigurationPlatforms) = preSolution
		Debug|Any CPU = Debug|Any CPU
		Release|Any CPU = Release|Any CPU
	EndGlobalSection
	GlobalSection(ProjectConfigurationPlatforms) = postSolution
		{D01A2F65-40BE-43BD-942E-4D488FEF4CDA}.Debug|Any CPU.ActiveCfg = Debug|Any CPU
		{D01A2F65-40BE-43BD-942E-4D488FEF4CDA}.Debug|Any CPU.Build.0 = Debug|Any CPU
		{D01A2F65-40BE-43BD-942E-4D488FEF4CDA}.Release|Any CPU.ActiveCfg = Release|Any CPU
		{D01A2F65-40BE-43BD-942E-4D488FEF4CDA}.Release|Any CPU.Build.0 = Release|Any CPU
	EndGlobalSection
	GlobalSection(SolutionProperties) = preSolution
		HideSolutionNode = FALSE
	EndGlobalSection
	GlobalSection(ExtensibilityGlobals) = postSolution
		SolutionGuid = {F1064755-E229-4C28-A2F9-212A0AC7F9F1}
	EndGlobalSection
EndGlobal
